// !$*UTF8*$!
{
	archiveVersion = 1;
	classes = {
	};
	objectVersion = 77;
	objects = {

/* Begin PBXContainerItemProxy section */
		1386459D2E1400B7009F647A /* PBXContainerItemProxy */ = {
			isa = PBXContainerItemProxy;
			containerPortal = 138645872E1400B3009F647A /* Project object */;
			proxyType = 1;
			remoteGlobalIDString = 1386458E2E1400B3009F647A;
			remoteInfo = "General Grocery Store";
		};
		138645A72E1400B7009F647A /* PBXContainerItemProxy */ = {
			isa = PBXContainerItemProxy;
			containerPortal = 138645872E1400B3009F647A /* Project object */;
			proxyType = 1;
			remoteGlobalIDString = 1386458E2E1400B3009F647A;
			remoteInfo = "General Grocery Store";
		};
/* End PBXContainerItemProxy section */

/* Begin PBXFileReference section */
		1386458F2E1400B3009F647A /* General Grocery Store.app */ = {isa = PBXFileReference; explicitFileType = wrapper.application; includeInIndex = 0; path = "General Grocery Store.app"; sourceTree = BUILT_PRODUCTS_DIR; };
		1386459C2E1400B7009F647A /* General Grocery StoreTests.xctest */ = {isa = PBXFileReference; explicitFileType = wrapper.cfbundle; includeInIndex = 0; path = "General Grocery StoreTests.xctest"; sourceTree = BUILT_PRODUCTS_DIR; };
		138645A62E1400B7009F647A /* General Grocery StoreUITests.xctest */ = {isa = PBXFileReference; explicitFileType = wrapper.cfbundle; includeInIndex = 0; path = "General Grocery StoreUITests.xctest"; sourceTree = BUILT_PRODUCTS_DIR; };
/* End PBXFileReference section */

/* Begin PBXFileSystemSynchronizedRootGroup section */
		138645912E1400B3009F647A /* General Grocery Store */ = {
			isa = PBXFileSystemSynchronizedRootGroup;
			path = "General Grocery Store";
			sourceTree = "<group>";
		};
		1386459F2E1400B7009F647A /* General Grocery StoreTests */ = {
			isa = PBXFileSystemSynchronizedRootGroup;
			path = "General Grocery StoreTests";
			sourceTree = "<group>";
		};
		138645A92E1400B7009F647A /* General Grocery StoreUITests */ = {
			isa = PBXFileSystemSynchronizedRootGroup;
			path = "General Grocery StoreUITests";
			sourceTree = "<group>";
		};
/* End PBXFileSystemSynchronizedRootGroup section */

/* Begin PBXFrameworksBuildPhase section */
		1386458C2E1400B3009F647A /* Frameworks */ = {
			isa = PBXFrameworksBuildPhase;
			buildActionMask = 2147483647;
			files = (
			);
			runOnlyForDeploymentPostprocessing = 0;
		};
		138645992E1400B7009F647A /* Frameworks */ = {
			isa = PBXFrameworksBuildPhase;
			buildActionMask = 2147483647;
			files = (
			);
			runOnlyForDeploymentPostprocessing = 0;
		};
		138645A32E1400B7009F647A /* Frameworks */ = {
			isa = PBXFrameworksBuildPhase;
			buildActionMask = 2147483647;
			files = (
			);
			runOnlyForDeploymentPostprocessing = 0;
		};
/* End PBXFrameworksBuildPhase section */

/* Begin PBXGroup section */
		138645862E1400B3009F647A = {
			isa = PBXGroup;
			children = (
				138645912E1400B3009F647A /* General Grocery Store */,
				1386459F2E1400B7009F647A /* General Grocery StoreTests */,
				138645A92E1400B7009F647A /* General Grocery StoreUITests */,
				138645902E1400B3009F647A /* Products */,
			);
			sourceTree = "<group>";
		};
		138645902E1400B3009F647A /* Products */ = {
			isa = PBXGroup;
			children = (
				1386458F2E1400B3009F647A /* General Grocery Store.app */,
				1386459C2E1400B7009F647A /* General Grocery StoreTests.xctest */,
				138645A62E1400B7009F647A /* General Grocery StoreUITests.xctest */,
			);
			name = Products;
			sourceTree = "<group>";
		};
/* End PBXGroup section */

/* Begin PBXNativeTarget section */
		1386458E2E1400B3009F647A /* General Grocery Store */ = {
			isa = PBXNativeTarget;
			buildConfigurationList = 138645B02E1400B7009F647A /* Build configuration list for PBXNativeTarget "General Grocery Store" */;
			buildPhases = (
				1386458B2E1400B3009F647A /* Sources */,
				1386458C2E1400B3009F647A /* Frameworks */,
				1386458D2E1400B3009F647A /* Resources */,
			);
			buildRules = (
			);
			dependencies = (
			);
			fileSystemSynchronizedGroups = (
				138645912E1400B3009F647A /* General Grocery Store */,
			);
			name = "General Grocery Store";
			packageProductDependencies = (
			);
			productName = "General Grocery Store";
			productReference = 1386458F2E1400B3009F647A /* General Grocery Store.app */;
			productType = "com.apple.product-type.application";
		};
		1386459B2E1400B7009F647A /* General Grocery StoreTests */ = {
			isa = PBXNativeTarget;
			buildConfigurationList = 138645B32E1400B7009F647A /* Build configuration list for PBXNativeTarget "General Grocery StoreTests" */;
			buildPhases = (
				138645982E1400B7009F647A /* Sources */,
				138645992E1400B7009F647A /* Frameworks */,
				1386459A2E1400B7009F647A /* Resources */,
			);
			buildRules = (
			);
			dependencies = (
				1386459E2E1400B7009F647A /* PBXTargetDependency */,
			);
			fileSystemSynchronizedGroups = (
				1386459F2E1400B7009F647A /* General Grocery StoreTests */,
			);
			name = "General Grocery StoreTests";
			packageProductDependencies = (
			);
			productName = "General Grocery StoreTests";
			productReference = 1386459C2E1400B7009F647A /* General Grocery StoreTests.xctest */;
			productType = "com.apple.product-type.bundle.unit-test";
		};
		138645A52E1400B7009F647A /* General Grocery StoreUITests */ = {
			isa = PBXNativeTarget;
			buildConfigurationList = 138645B62E1400B7009F647A /* Build configuration list for PBXNativeTarget "General Grocery StoreUITests" */;
			buildPhases = (
				138645A22E1400B7009F647A /* Sources */,
				138645A32E1400B7009F647A /* Frameworks */,
				138645A42E1400B7009F647A /* Resources */,
			);
			buildRules = (
			);
			dependencies = (
				138645A82E1400B7009F647A /* PBXTargetDependency */,
			);
			fileSystemSynchronizedGroups = (
				138645A92E1400B7009F647A /* General Grocery StoreUITests */,
			);
			name = "General Grocery StoreUITests";
			packageProductDependencies = (
			);
			productName = "General Grocery StoreUITests";
			productReference = 138645A62E1400B7009F647A /* General Grocery StoreUITests.xctest */;
			productType = "com.apple.product-type.bundle.ui-testing";
		};
/* End PBXNativeTarget section */

/* Begin PBXProject section */
		138645872E1400B3009F647A /* Project object */ = {
			isa = PBXProject;
			attributes = {
				BuildIndependentTargetsInParallel = 1;
				LastSwiftUpdateCheck = 1640;
				LastUpgradeCheck = 1640;
				TargetAttributes = {
					1386458E2E1400B3009F647A = {
						CreatedOnToolsVersion = 16.4;
					};
					1386459B2E1400B7009F647A = {
						CreatedOnToolsVersion = 16.4;
						TestTargetID = 1386458E2E1400B3009F647A;
					};
					138645A52E1400B7009F647A = {
						CreatedOnToolsVersion = 16.4;
						TestTargetID = 1386458E2E1400B3009F647A;
					};
				};
			};
			buildConfigurationList = 1386458A2E1400B3009F647A /* Build configuration list for PBXProject "General Grocery Store" */;
			developmentRegion = en;
			hasScannedForEncodings = 0;
			knownRegions = (
				en,
				Base,
			);
			mainGroup = 138645862E1400B3009F647A;
			minimizedProjectReferenceProxies = 1;
			preferredProjectObjectVersion = 77;
			productRefGroup = 138645902E1400B3009F647A /* Products */;
			projectDirPath = "";
			projectRoot = "";
			targets = (
				1386458E2E1400B3009F647A /* General Grocery Store */,
				1386459B2E1400B7009F647A /* General Grocery StoreTests */,
				138645A52E1400B7009F647A /* General Grocery StoreUITests */,
			);
		};
/* End PBXProject section */

/* Begin PBXResourcesBuildPhase section */
		1386458D2E1400B3009F647A /* Resources */ = {
			isa = PBXResourcesBuildPhase;
			buildActionMask = 2147483647;
			files = (
			);
			runOnlyForDeploymentPostprocessing = 0;
		};
		1386459A2E1400B7009F647A /* Resources */ = {
			isa = PBXResourcesBuildPhase;
			buildActionMask = 2147483647;
			files = (
			);
			runOnlyForDeploymentPostprocessing = 0;
		};
		138645A42E1400B7009F647A /* Resources */ = {
			isa = PBXResourcesBuildPhase;
			buildActionMask = 2147483647;
			files = (
			);
			runOnlyForDeploymentPostprocessing = 0;
		};
/* End PBXResourcesBuildPhase section */

/* Begin PBXSourcesBuildPhase section */
		1386458B2E1400B3009F647A /* Sources */ = {
			isa = PBXSourcesBuildPhase;
			buildActionMask = 2147483647;
			files = (
			);
			runOnlyForDeploymentPostprocessing = 0;
		};
		138645982E1400B7009F647A /* Sources */ = {
			isa = PBXSourcesBuildPhase;
			buildActionMask = 2147483647;
			files = (
			);
			runOnlyForDeploymentPostprocessing = 0;
		};
		138645A22E1400B7009F647A /* Sources */ = {
			isa = PBXSourcesBuildPhase;
			buildActionMask = 2147483647;
			files = (
			);
			runOnlyForDeploymentPostprocessing = 0;
		};
/* End PBXSourcesBuildPhase section */

/* Begin PBXTargetDependency section */
		1386459E2E1400B7009F647A /* PBXTargetDependency */ = {
			isa = PBXTargetDependency;
			target = 1386458E2E1400B3009F647A /* General Grocery Store */;
			targetProxy = 1386459D2E1400B7009F647A /* PBXContainerItemProxy */;
		};
		138645A82E1400B7009F647A /* PBXTargetDependency */ = {
			isa = PBXTargetDependency;
			target = 1386458E2E1400B3009F647A /* General Grocery Store */;
			targetProxy = 138645A72E1400B7009F647A /* PBXContainerItemProxy */;
		};
/* End PBXTargetDependency section */

/* Begin XCBuildConfiguration section */
		138645AE2E1400B7009F647A /* Debug */ = {
			isa = XCBuildConfiguration;
			buildSettings = {
				ALWAYS_SEARCH_USER_PATHS = NO;
				ASSETCATALOG_COMPILER_GENERATE_SWIFT_ASSET_SYMBOL_EXTENSIONS = YES;
				CLANG_ANALYZER_NONNULL = YES;
				CLANG_ANALYZER_NUMBER_OBJECT_CONVERSION = YES_AGGRESSIVE;
				CLANG_CXX_LANGUAGE_STANDARD = "gnu++20";
				CLANG_ENABLE_MODULES = YES;
				CLANG_ENABLE_OBJC_ARC = YES;
				CLANG_ENABLE_OBJC_WEAK = YES;
				CLANG_WARN_BLOCK_CAPTURE_AUTORELEASING = YES;
				CLANG_WARN_BOOL_CONVERSION = YES;
				CLANG_WARN_COMMA = YES;
				CLANG_WARN_CONSTANT_CONVERSION = YES;
				CLANG_WARN_DEPRECATED_OBJC_IMPLEMENTATIONS = YES;
				CLANG_WARN_DIRECT_OBJC_ISA_USAGE = YES_ERROR;
				CLANG_WARN_DOCUMENTATION_COMMENTS = YES;
				CLANG_WARN_EMPTY_BODY = YES;
				CLANG_WARN_ENUM_CONVERSION = YES;
				CLANG_WARN_INFINITE_RECURSION = YES;
				CLANG_WARN_INT_CONVERSION = YES;
				CLANG_WARN_NON_LITERAL_NULL_CONVERSION = YES;
				CLANG_WARN_OBJC_IMPLICIT_RETAIN_SELF = YES;
				CLANG_WARN_OBJC_LITERAL_CONVERSION = YES;
				CLANG_WARN_OBJC_ROOT_CLASS = YES_ERROR;
				CLANG_WARN_QUOTED_INCLUDE_IN_FRAMEWORK_HEADER = YES;
				CLANG_WARN_RANGE_LOOP_ANALYSIS = YES;
				CLANG_WARN_STRICT_PROTOTYPES = YES;
				CLANG_WARN_SUSPICIOUS_MOVE = YES;
				CLANG_WARN_UNGUARDED_AVAILABILITY = YES_AGGRESSIVE;
				CLANG_WARN_UNREACHABLE_CODE = YES;
				CLANG_WARN__DUPLICATE_METHOD_MATCH = YES;
				COPY_PHASE_STRIP = NO;
				DEBUG_INFORMATION_FORMAT = dwarf;
				DEVELOPMENT_TEAM = 7F682UP55L;
				ENABLE_STRICT_OBJC_MSGSEND = YES;
				ENABLE_TESTABILITY = YES;
				ENABLE_USER_SCRIPT_SANDBOXING = YES;
				GCC_C_LANGUAGE_STANDARD = gnu17;
				GCC_DYNAMIC_NO_PIC = NO;
				GCC_NO_COMMON_BLOCKS = YES;
				GCC_OPTIMIZATION_LEVEL = 0;
				GCC_PREPROCESSOR_DEFINITIONS = (
					"DEBUG=1",
					"$(inherited)",
				);
				GCC_WARN_64_TO_32_BIT_CONVERSION = YES;
				GCC_WARN_ABOUT_RETURN_TYPE = YES_ERROR;
				GCC_WARN_UNDECLARED_SELECTOR = YES;
				GCC_WARN_UNINITIALIZED_AUTOS = YES_AGGRESSIVE;
				GCC_WARN_UNUSED_FUNCTION = YES;
				GCC_WARN_UNUSED_VARIABLE = YES;
				IPHONEOS_DEPLOYMENT_TARGET = 18.5;
				LOCALIZATION_PREFERS_STRING_CATALOGS = YES;
				MTL_ENABLE_DEBUG_INFO = INCLUDE_SOURCE;
				MTL_FAST_MATH = YES;
				ONLY_ACTIVE_ARCH = YES;
				SDKROOT = iphoneos;
				SWIFT_ACTIVE_COMPILATION_CONDITIONS = "DEBUG $(inherited)";
				SWIFT_OPTIMIZATION_LEVEL = "-Onone";
			};
			name = Debug;
		};
		138645AF2E1400B7009F647A /* Release */ = {
			isa = XCBuildConfiguration;
			buildSettings = {
				ALWAYS_SEARCH_USER_PATHS = NO;
				ASSETCATALOG_COMPILER_GENERATE_SWIFT_ASSET_SYMBOL_EXTENSIONS = YES;
				CLANG_ANALYZER_NONNULL = YES;
				CLANG_ANALYZER_NUMBER_OBJECT_CONVERSION = YES_AGGRESSIVE;
				CLANG_CXX_LANGUAGE_STANDARD = "gnu++20";
				CLANG_ENABLE_MODULES = YES;
				CLANG_ENABLE_OBJC_ARC = YES;
				CLANG_ENABLE_OBJC_WEAK = YES;
				CLANG_WARN_BLOCK_CAPTURE_AUTORELEASING = YES;
				CLANG_WARN_BOOL_CONVERSION = YES;
				CLANG_WARN_COMMA = YES;
				CLANG_WARN_CONSTANT_CONVERSION = YES;
				CLANG_WARN_DEPRECATED_OBJC_IMPLEMENTATIONS = YES;
				CLANG_WARN_DIRECT_OBJC_ISA_USAGE = YES_ERROR;
				CLANG_WARN_DOCUMENTATION_COMMENTS = YES;
				CLANG_WARN_EMPTY_BODY = YES;
				CLANG_WARN_ENUM_CONVERSION = YES;
				CLANG_WARN_INFINITE_RECURSION = YES;
				CLANG_WARN_INT_CONVERSION = YES;
				CLANG_WARN_NON_LITERAL_NULL_CONVERSION = YES;
				CLANG_WARN_OBJC_IMPLICIT_RETAIN_SELF = YES;
				CLANG_WARN_OBJC_LITERAL_CONVERSION = YES;
				CLANG_WARN_OBJC_ROOT_CLASS = YES_ERROR;
				CLANG_WARN_QUOTED_INCLUDE_IN_FRAMEWORK_HEADER = YES;
				CLANG_WARN_RANGE_LOOP_ANALYSIS = YES;
				CLANG_WARN_STRICT_PROTOTYPES = YES;
				CLANG_WARN_SUSPICIOUS_MOVE = YES;
				CLANG_WARN_UNGUARDED_AVAILABILITY = YES_AGGRESSIVE;
				CLANG_WARN_UNREACHABLE_CODE = YES;
				CLANG_WARN__DUPLICATE_METHOD_MATCH = YES;
				COPY_PHASE_STRIP = NO;
				DEBUG_INFORMATION_FORMAT = "dwarf-with-dsym";
				DEVELOPMENT_TEAM = 7F682UP55L;
				ENABLE_NS_ASSERTIONS = NO;
				ENABLE_STRICT_OBJC_MSGSEND = YES;
				ENABLE_USER_SCRIPT_SANDBOXING = YES;
				GCC_C_LANGUAGE_STANDARD = gnu17;
				GCC_NO_COMMON_BLOCKS = YES;
				GCC_WARN_64_TO_32_BIT_CONVERSION = YES;
				GCC_WARN_ABOUT_RETURN_TYPE = YES_ERROR;
				GCC_WARN_UNDECLARED_SELECTOR = YES;
				GCC_WARN_UNINITIALIZED_AUTOS = YES_AGGRESSIVE;
				GCC_WARN_UNUSED_FUNCTION = YES;
				GCC_WARN_UNUSED_VARIABLE = YES;
				IPHONEOS_DEPLOYMENT_TARGET = 18.5;
				LOCALIZATION_PREFERS_STRING_CATALOGS = YES;
				MTL_ENABLE_DEBUG_INFO = NO;
				MTL_FAST_MATH = YES;
				SDKROOT = iphoneos;
				SWIFT_COMPILATION_MODE = wholemodule;
				VALIDATE_PRODUCT = YES;
			};
			name = Release;
		};
		138645B12E1400B7009F647A /* Debug */ = {
			isa = XCBuildConfiguration;
			buildSettings = {
				ASSETCATALOG_COMPILER_APPICON_NAME = AppIcon;
				ASSETCATALOG_COMPILER_GLOBAL_ACCENT_COLOR_NAME = AccentColor;
				CODE_SIGN_STYLE = Automatic;
				CURRENT_PROJECT_VERSION = 1;
				DEVELOPMENT_TEAM = 7F682UP55L;
				ENABLE_PREVIEWS = YES;
				GENERATE_INFOPLIST_FILE = YES;
				INFOPLIST_FILE = "General-Grocery-Store-Info.plist";
				INFOPLIST_KEY_NSLocationUsageDescription = "This app needs your location to show nearby offers";
				INFOPLIST_KEY_UIApplicationSceneManifest_Generation = YES;
				INFOPLIST_KEY_UIApplicationSupportsIndirectInputEvents = YES;
				INFOPLIST_KEY_UILaunchScreen_Generation = YES;
				INFOPLIST_KEY_UISupportedInterfaceOrientations_iPad = "UIInterfaceOrientationPortrait UIInterfaceOrientationPortraitUpsideDown UIInterfaceOrientationLandscapeLeft UIInterfaceOrientationLandscapeRight";
				INFOPLIST_KEY_UISupportedInterfaceOrientations_iPhone = "UIInterfaceOrientationPortrait UIInterfaceOrientationLandscapeLeft UIInterfaceOrientationLandscapeRight";
				LD_RUNPATH_SEARCH_PATHS = (
					"$(inherited)",
					"@executable_path/Frameworks",
				);
				MARKETING_VERSION = 1.0;
				PRODUCT_BUNDLE_IDENTIFIER = "com.danish.General-Grocery-Store";
				PRODUCT_NAME = "$(TARGET_NAME)";
				SWIFT_EMIT_LOC_STRINGS = YES;
				SWIFT_VERSION = 5.0;
				TARGETED_DEVICE_FAMILY = "1,2";
			};
			name = Debug;
		};
		138645B22E1400B7009F647A /* Release */ = {
			isa = XCBuildConfiguration;
			buildSettings = {
				ASSETCATALOG_COMPILER_APPICON_NAME = AppIcon;
				ASSETCATALOG_COMPILER_GLOBAL_ACCENT_COLOR_NAME = AccentColor;
				CODE_SIGN_STYLE = Automatic;
				CURRENT_PROJECT_VERSION = 1;
				DEVELOPMENT_TEAM = 7F682UP55L;
				ENABLE_PREVIEWS = YES;
				GENERATE_INFOPLIST_FILE = YES;
				INFOPLIST_FILE = "General-Grocery-Store-Info.plist";
				INFOPLIST_KEY_NSLocationUsageDescription = "This app needs your location to show nearby offers";
				INFOPLIST_KEY_UIApplicationSceneManifest_Generation = YES;
				INFOPLIST_KEY_UIApplicationSupportsIndirectInputEvents = YES;
				INFOPLIST_KEY_UILaunchScreen_Generation = YES;
				INFOPLIST_KEY_UISupportedInterfaceOrientations_iPad = "UIInterfaceOrientationPortrait UIInterfaceOrientationPortraitUpsideDown UIInterfaceOrientationLandscapeLeft UIInterfaceOrientationLandscapeRight";
				INFOPLIST_KEY_UISupportedInterfaceOrientations_iPhone = "UIInterfaceOrientationPortrait UIInterfaceOrientationLandscapeLeft UIInterfaceOrientationLandscapeRight";
				LD_RUNPATH_SEARCH_PATHS = (
					"$(inherited)",
					"@executable_path/Frameworks",
				);
				MARKETING_VERSION = 1.0;
				PRODUCT_BUNDLE_IDENTIFIER = "com.danish.General-Grocery-Store";
				PRODUCT_NAME = "$(TARGET_NAME)";
				SWIFT_EMIT_LOC_STRINGS = YES;
				SWIFT_VERSION = 5.0;
				TARGETED_DEVICE_FAMILY = "1,2";
			};
			name = Release;
		};
		138645B42E1400B7009F647A /* Debug */ = {
			isa = XCBuildConfiguration;
			buildSettings = {
				BUNDLE_LOADER = "$(TEST_HOST)";
				CODE_SIGN_STYLE = Automatic;
				CURRENT_PROJECT_VERSION = 1;
				DEVELOPMENT_TEAM = 7F682UP55L;
				GENERATE_INFOPLIST_FILE = YES;
				IPHONEOS_DEPLOYMENT_TARGET = 18.5;
				MARKETING_VERSION = 1.0;
				PRODUCT_BUNDLE_IDENTIFIER = "com.danish.General-Grocery-StoreTests";
				PRODUCT_NAME = "$(TARGET_NAME)";
				SWIFT_EMIT_LOC_STRINGS = NO;
				SWIFT_VERSION = 5.0;
				TARGETED_DEVICE_FAMILY = "1,2";
				TEST_HOST = "$(BUILT_PRODUCTS_DIR)/General Grocery Store.app/$(BUNDLE_EXECUTABLE_FOLDER_PATH)/General Grocery Store";
			};
			name = Debug;
		};
		138645B52E1400B7009F647A /* Release */ = {
			isa = XCBuildConfiguration;
			buildSettings = {
				BUNDLE_LOADER = "$(TEST_HOST)";
				CODE_SIGN_STYLE = Automatic;
				CURRENT_PROJECT_VERSION = 1;
				DEVELOPMENT_TEAM = 7F682UP55L;
				GENERATE_INFOPLIST_FILE = YES;
				IPHONEOS_DEPLOYMENT_TARGET = 18.5;
				MARKETING_VERSION = 1.0;
				PRODUCT_BUNDLE_IDENTIFIER = "com.danish.General-Grocery-StoreTests";
				PRODUCT_NAME = "$(TARGET_NAME)";
				SWIFT_EMIT_LOC_STRINGS = NO;
				SWIFT_VERSION = 5.0;
				TARGETED_DEVICE_FAMILY = "1,2";
				TEST_HOST = "$(BUILT_PRODUCTS_DIR)/General Grocery Store.app/$(BUNDLE_EXECUTABLE_FOLDER_PATH)/General Grocery Store";
			};
			name = Release;
		};
		138645B72E1400B7009F647A /* Debug */ = {
			isa = XCBuildConfiguration;
			buildSettings = {
				CODE_SIGN_STYLE = Automatic;
				CURRENT_PROJECT_VERSION = 1;
				DEVELOPMENT_TEAM = 7F682UP55L;
				GENERATE_INFOPLIST_FILE = YES;
				MARKETING_VERSION = 1.0;
				PRODUCT_BUNDLE_IDENTIFIER = "com.danish.General-Grocery-StoreUITests";
				PRODUCT_NAME = "$(TARGET_NAME)";
				SWIFT_EMIT_LOC_STRINGS = NO;
				SWIFT_VERSION = 5.0;
				TARGETED_DEVICE_FAMILY = "1,2";
				TEST_TARGET_NAME = "General Grocery Store";
			};
			name = Debug;
		};
		138645B82E1400B7009F647A /* Release */ = {
			isa = XCBuildConfiguration;
			buildSettings = {
				CODE_SIGN_STYLE = Automatic;
				CURRENT_PROJECT_VERSION = 1;
				DEVELOPMENT_TEAM = 7F682UP55L;
				GENERATE_INFOPLIST_FILE = YES;
				MARKETING_VERSION = 1.0;
				PRODUCT_BUNDLE_IDENTIFIER = "com.danish.General-Grocery-StoreUITests";
				PRODUCT_NAME = "$(TARGET_NAME)";
				SWIFT_EMIT_LOC_STRINGS = NO;
				SWIFT_VERSION = 5.0;
				TARGETED_DEVICE_FAMILY = "1,2";
				TEST_TARGET_NAME = "General Grocery Store";
			};
			name = Release;
		};
/* End XCBuildConfiguration section */

/* Begin XCConfigurationList section */
		1386458A2E1400B3009F647A /* Build configuration list for PBXProject "General Grocery Store" */ = {
			isa = XCConfigurationList;
			buildConfigurations = (
				138645AE2E1400B7009F647A /* Debug */,
				138645AF2E1400B7009F647A /* Release */,
			);
			defaultConfigurationIsVisible = 0;
			defaultConfigurationName = Release;
		};
		138645B02E1400B7009F647A /* Build configuration list for PBXNativeTarget "General Grocery Store" */ = {
			isa = XCConfigurationList;
			buildConfigurations = (
				138645B12E1400B7009F647A /* Debug */,
				138645B22E1400B7009F647A /* Release */,
			);
			defaultConfigurationIsVisible = 0;
			defaultConfigurationName = Release;
		};
		138645B32E1400B7009F647A /* Build configuration list for PBXNativeTarget "General Grocery StoreTests" */ = {
			isa = XCConfigurationList;
			buildConfigurations = (
				138645B42E1400B7009F647A /* Debug */,
				138645B52E1400B7009F647A /* Release */,
			);
			defaultConfigurationIsVisible = 0;
			defaultConfigurationName = Release;
		};
		138645B62E1400B7009F647A /* Build configuration list for PBXNativeTarget "General Grocery StoreUITests" */ = {
			isa = XCConfigurationList;
			buildConfigurations = (
				138645B72E1400B7009F647A /* Debug */,
				138645B82E1400B7009F647A /* Release */,
			);
			defaultConfigurationIsVisible = 0;
			defaultConfigurationName = Release;
		};
/* End XCConfigurationList section */
	};
	rootObject = 138645872E1400B3009F647A /* Project object */;
}
